{
  "name": "callLogs",
  "version": "1.0.0",
  "lockfileVersion": 1,
  "requires": true,
  "dependencies": {
    "dayjs": {
      "version": "1.9.3",
      "resolved": "https://registry.npmjs.org/dayjs/-/dayjs-1.9.3.tgz",
      "integrity": "sha512-V+1SyIvkS+HmNbN1G7A9+ERbFTV9KTXu6Oor98v2xHmzzpp52OIJhQuJSTywWuBY5pyAEmlwbCi1Me87n/SLOw=="
    },
    "ics-to-json": {
      "version": "1.0.0",
      "resolved": "https://registry.npmjs.org/ics-to-json/-/ics-to-json-1.0.0.tgz",
      "integrity": "sha512-J2bvEGr2BKsdV7WTmOKXr1ksFeujR+dFwM5yxWu3cODq3HduwcIZQjSsYinmSpa3FxlvzVqtfuBbw7Q/g0FWGw=="
    }
  }
}
